
Microsoft Visual Studio Solution File, Format Version 12.00
# Visual Studio Version 17
VisualStudioVersion = 17.2.32526.322
MinimumVisualStudioVersion = 10.0.40219.1
Project("{FAE04EC0-301F-11D3-BF4B-00C04F79EFBC}") = "BuyerFunction", "BuyerFunction\BuyerFunction.csproj", "{B440B66E-523B-4260-A53D-0EBCFBA54FF2}"
EndProject
Global
	GlobalSection(SolutionConfigurationPlatforms) = preSolution
		Debug|Any CPU = Debug|Any CPU
		Release|Any CPU = Release|Any CPU
	EndGlobalSection
	GlobalSection(ProjectConfigurationPlatforms) = postSolution
		{B440B66E-523B-4260-A53D-0EBCFBA54FF2}.Debug|Any CPU.ActiveCfg = Debug|Any CPU
		{B440B66E-523B-4260-A53D-0EBCFBA54FF2}.Debug|Any CPU.Build.0 = Debug|Any CPU
		{B440B66E-523B-4260-A53D-0EBCFBA54FF2}.Release|Any CPU.ActiveCfg = Release|Any CPU
		{B440B66E-523B-4260-A53D-0EBCFBA54FF2}.Release|Any CPU.Build.0 = Release|Any CPU
	EndGlobalSection
	GlobalSection(SolutionProperties) = preSolution
		HideSolutionNode = FALSE
	EndGlobalSection
	GlobalSection(ExtensibilityGlobals) = postSolution
		SolutionGuid = {463F487E-8965-4D48-8EC1-AD0D5F31FFCF}
	EndGlobalSection
EndGlobal
